// !$*UTF8*$!
{
	archiveVersion = 1;
	classes = {
	};
	objectVersion = 46;
	objects = {

/* Begin PBXBuildFile section */
		B40DFE181E38907500CC3BFD /* SIListController.xib in Resources */ = {isa = PBXBuildFile; fileRef = B40DFE171E38907500CC3BFD /* SIListController.xib */; };
		B4249AEE1C86D3F9006A6F13 /* main.m in Sources */ = {isa = PBXBuildFile; fileRef = B4249AED1C86D3F9006A6F13 /* main.m */; };
		B4249AF11C86D3F9006A6F13 /* AppDelegate.m in Sources */ = {isa = PBXBuildFile; fileRef = B4249AF01C86D3F9006A6F13 /* AppDelegate.m */; };
		B4249AF41C86D3F9006A6F13 /* ViewController.m in Sources */ = {isa = PBXBuildFile; fileRef = B4249AF31C86D3F9006A6F13 /* ViewController.m */; };
		B4249AF71C86D3F9006A6F13 /* Main.storyboard in Resources */ = {isa = PBXBuildFile; fileRef = B4249AF51C86D3F9006A6F13 /* Main.storyboard */; };
		B4249AF91C86D3F9006A6F13 /* Assets.xcassets in Resources */ = {isa = PBXBuildFile; fileRef = B4249AF81C86D3F9006A6F13 /* Assets.xcassets */; };
		B4249AFC1C86D3F9006A6F13 /* LaunchScreen.storyboard in Resources */ = {isa = PBXBuildFile; fileRef = B4249AFA1C86D3F9006A6F13 /* LaunchScreen.storyboard */; };
		B4249B071C86D3F9006A6F13 /* SIKitTests.m in Sources */ = {isa = PBXBuildFile; fileRef = B4249B061C86D3F9006A6F13 /* SIKitTests.m */; };
		B4249B121C86D3F9006A6F13 /* SIKitUITests.m in Sources */ = {isa = PBXBuildFile; fileRef = B4249B111C86D3F9006A6F13 /* SIKitUITests.m */; };
		B4249B221C86F6E8006A6F13 /* SIInput.m in Sources */ = {isa = PBXBuildFile; fileRef = B4249B211C86F6E8006A6F13 /* SIInput.m */; };
		B457007E1CE068F700837EEE /* SIFormThemeManager.m in Sources */ = {isa = PBXBuildFile; fileRef = B457007D1CE068F700837EEE /* SIFormThemeManager.m */; };
		B4A3C37D1CEDBD660079BED4 /* SIListController.m in Sources */ = {isa = PBXBuildFile; fileRef = B4A3C37C1CEDBD660079BED4 /* SIListController.m */; };
		B4A6187F1E39D5F700B449F7 /* SIInputCell.m in Sources */ = {isa = PBXBuildFile; fileRef = B4A6187D1E39D5F700B449F7 /* SIInputCell.m */; };
		B4A618801E39D5F700B449F7 /* SIInputCell.xib in Resources */ = {isa = PBXBuildFile; fileRef = B4A6187E1E39D5F700B449F7 /* SIInputCell.xib */; };
		B4BC4E811CEC5ACE009FF87F /* SIDateTimePickerController.m in Sources */ = {isa = PBXBuildFile; fileRef = B4BC4E801CEC5ACD009FF87F /* SIDateTimePickerController.m */; };
		B4C96A861CE976A5002BC4A0 /* Validator.m in Sources */ = {isa = PBXBuildFile; fileRef = B4C96A851CE976A5002BC4A0 /* Validator.m */; };
/* End PBXBuildFile section */

/* Begin PBXContainerItemProxy section */
		B4249B031C86D3F9006A6F13 /* PBXContainerItemProxy */ = {
			isa = PBXContainerItemProxy;
			containerPortal = B4249AE11C86D3F9006A6F13 /* Project object */;
			proxyType = 1;
			remoteGlobalIDString = B4249AE81C86D3F9006A6F13;
			remoteInfo = SIKit;
		};
		B4249B0E1C86D3F9006A6F13 /* PBXContainerItemProxy */ = {
			isa = PBXContainerItemProxy;
			containerPortal = B4249AE11C86D3F9006A6F13 /* Project object */;
			proxyType = 1;
			remoteGlobalIDString = B4249AE81C86D3F9006A6F13;
			remoteInfo = SIKit;
		};
/* End PBXContainerItemProxy section */

/* Begin PBXFileReference section */
		B40DFE171E38907500CC3BFD /* SIListController.xib */ = {isa = PBXFileReference; fileEncoding = 4; lastKnownFileType = file.xib; path = SIListController.xib; sourceTree = "<group>"; };
		B4249AE91C86D3F9006A6F13 /* SIKit.app */ = {isa = PBXFileReference; explicitFileType = wrapper.application; includeInIndex = 0; path = SIKit.app; sourceTree = BUILT_PRODUCTS_DIR; };
		B4249AED1C86D3F9006A6F13 /* main.m */ = {isa = PBXFileReference; lastKnownFileType = sourcecode.c.objc; path = main.m; sourceTree = "<group>"; };
		B4249AEF1C86D3F9006A6F13 /* AppDelegate.h */ = {isa = PBXFileReference; lastKnownFileType = sourcecode.c.h; path = AppDelegate.h; sourceTree = "<group>"; };
		B4249AF01C86D3F9006A6F13 /* AppDelegate.m */ = {isa = PBXFileReference; lastKnownFileType = sourcecode.c.objc; path = AppDelegate.m; sourceTree = "<group>"; };
		B4249AF21C86D3F9006A6F13 /* ViewController.h */ = {isa = PBXFileReference; lastKnownFileType = sourcecode.c.h; path = ViewController.h; sourceTree = "<group>"; };
		B4249AF31C86D3F9006A6F13 /* ViewController.m */ = {isa = PBXFileReference; lastKnownFileType = sourcecode.c.objc; path = ViewController.m; sourceTree = "<group>"; };
		B4249AF61C86D3F9006A6F13 /* Base */ = {isa = PBXFileReference; lastKnownFileType = file.storyboard; name = Base; path = Base.lproj/Main.storyboard; sourceTree = "<group>"; };
		B4249AF81C86D3F9006A6F13 /* Assets.xcassets */ = {isa = PBXFileReference; lastKnownFileType = folder.assetcatalog; path = Assets.xcassets; sourceTree = "<group>"; };
		B4249AFB1C86D3F9006A6F13 /* Base */ = {isa = PBXFileReference; lastKnownFileType = file.storyboard; name = Base; path = Base.lproj/LaunchScreen.storyboard; sourceTree = "<group>"; };
		B4249AFD1C86D3F9006A6F13 /* Info.plist */ = {isa = PBXFileReference; lastKnownFileType = text.plist.xml; path = Info.plist; sourceTree = "<group>"; };
		B4249B021C86D3F9006A6F13 /* SIKitTests.xctest */ = {isa = PBXFileReference; explicitFileType = wrapper.cfbundle; includeInIndex = 0; path = SIKitTests.xctest; sourceTree = BUILT_PRODUCTS_DIR; };
		B4249B061C86D3F9006A6F13 /* SIKitTests.m */ = {isa = PBXFileReference; lastKnownFileType = sourcecode.c.objc; path = SIKitTests.m; sourceTree = "<group>"; };
		B4249B081C86D3F9006A6F13 /* Info.plist */ = {isa = PBXFileReference; lastKnownFileType = text.plist.xml; path = Info.plist; sourceTree = "<group>"; };
		B4249B0D1C86D3F9006A6F13 /* SIKitUITests.xctest */ = {isa = PBXFileReference; explicitFileType = wrapper.cfbundle; includeInIndex = 0; path = SIKitUITests.xctest; sourceTree = BUILT_PRODUCTS_DIR; };
		B4249B111C86D3F9006A6F13 /* SIKitUITests.m */ = {isa = PBXFileReference; lastKnownFileType = sourcecode.c.objc; path = SIKitUITests.m; sourceTree = "<group>"; };
		B4249B131C86D3F9006A6F13 /* Info.plist */ = {isa = PBXFileReference; lastKnownFileType = text.plist.xml; path = Info.plist; sourceTree = "<group>"; };
		B4249B201C86F6E8006A6F13 /* SIInput.h */ = {isa = PBXFileReference; fileEncoding = 4; lastKnownFileType = sourcecode.c.h; path = SIInput.h; sourceTree = "<group>"; };
		B4249B211C86F6E8006A6F13 /* SIInput.m */ = {isa = PBXFileReference; fileEncoding = 4; lastKnownFileType = sourcecode.c.objc; path = SIInput.m; sourceTree = "<group>"; };
		B457007C1CE068F700837EEE /* SIFormThemeManager.h */ = {isa = PBXFileReference; fileEncoding = 4; lastKnownFileType = sourcecode.c.h; path = SIFormThemeManager.h; sourceTree = "<group>"; };
		B457007D1CE068F700837EEE /* SIFormThemeManager.m */ = {isa = PBXFileReference; fileEncoding = 4; lastKnownFileType = sourcecode.c.objc; path = SIFormThemeManager.m; sourceTree = "<group>"; };
		B4A3C37B1CEDBD660079BED4 /* SIListController.h */ = {isa = PBXFileReference; fileEncoding = 4; lastKnownFileType = sourcecode.c.h; path = SIListController.h; sourceTree = "<group>"; };
		B4A3C37C1CEDBD660079BED4 /* SIListController.m */ = {isa = PBXFileReference; fileEncoding = 4; lastKnownFileType = sourcecode.c.objc; path = SIListController.m; sourceTree = "<group>"; };
		B4A3C37E1CEDBD7F0079BED4 /* SIListControllerDelegate.h */ = {isa = PBXFileReference; lastKnownFileType = sourcecode.c.h; path = SIListControllerDelegate.h; sourceTree = "<group>"; };
		B4A6187C1E39D5F700B449F7 /* SIInputCell.h */ = {isa = PBXFileReference; fileEncoding = 4; lastKnownFileType = sourcecode.c.h; path = SIInputCell.h; sourceTree = "<group>"; };
		B4A6187D1E39D5F700B449F7 /* SIInputCell.m */ = {isa = PBXFileReference; fileEncoding = 4; lastKnownFileType = sourcecode.c.objc; path = SIInputCell.m; sourceTree = "<group>"; };
		B4A6187E1E39D5F700B449F7 /* SIInputCell.xib */ = {isa = PBXFileReference; fileEncoding = 4; lastKnownFileType = file.xib; path = SIInputCell.xib; sourceTree = "<group>"; };
		B4BC4E7F1CEC5ACD009FF87F /* SIDateTimePickerController.h */ = {isa = PBXFileReference; fileEncoding = 4; lastKnownFileType = sourcecode.c.h; path = SIDateTimePickerController.h; sourceTree = "<group>"; };
		B4BC4E801CEC5ACD009FF87F /* SIDateTimePickerController.m */ = {isa = PBXFileReference; fileEncoding = 4; lastKnownFileType = sourcecode.c.objc; path = SIDateTimePickerController.m; sourceTree = "<group>"; };
		B4BC4E821CEC5C2D009FF87F /* SIDateTimePickerControllerDelegate.h */ = {isa = PBXFileReference; fileEncoding = 4; lastKnownFileType = sourcecode.c.h; path = SIDateTimePickerControllerDelegate.h; sourceTree = "<group>"; };
		B4C96A841CE976A5002BC4A0 /* Validator.h */ = {isa = PBXFileReference; fileEncoding = 4; lastKnownFileType = sourcecode.c.h; path = Validator.h; sourceTree = "<group>"; };
		B4C96A851CE976A5002BC4A0 /* Validator.m */ = {isa = PBXFileReference; fileEncoding = 4; lastKnownFileType = sourcecode.c.objc; path = Validator.m; sourceTree = "<group>"; };
		B4D7C8701CE33320000E1792 /* SIInputDelegate.h */ = {isa = PBXFileReference; lastKnownFileType = sourcecode.c.h; path = SIInputDelegate.h; sourceTree = "<group>"; };
/* End PBXFileReference section */

/* Begin PBXFrameworksBuildPhase section */
		B4249AE61C86D3F9006A6F13 /* Frameworks */ = {
			isa = PBXFrameworksBuildPhase;
			buildActionMask = 2147483647;
			files = (
			);
			runOnlyForDeploymentPostprocessing = 0;
		};
		B4249AFF1C86D3F9006A6F13 /* Frameworks */ = {
			isa = PBXFrameworksBuildPhase;
			buildActionMask = 2147483647;
			files = (
			);
			runOnlyForDeploymentPostprocessing = 0;
		};
		B4249B0A1C86D3F9006A6F13 /* Frameworks */ = {
			isa = PBXFrameworksBuildPhase;
			buildActionMask = 2147483647;
			files = (
			);
			runOnlyForDeploymentPostprocessing = 0;
		};
/* End PBXFrameworksBuildPhase section */

/* Begin PBXGroup section */
		B4249AE01C86D3F9006A6F13 = {
			isa = PBXGroup;
			children = (
				B4249AEB1C86D3F9006A6F13 /* SIKit */,
				B4249B051C86D3F9006A6F13 /* SIKitTests */,
				B4249B101C86D3F9006A6F13 /* SIKitUITests */,
				B4249AEA1C86D3F9006A6F13 /* Products */,
			);
			sourceTree = "<group>";
		};
		B4249AEA1C86D3F9006A6F13 /* Products */ = {
			isa = PBXGroup;
			children = (
				B4249AE91C86D3F9006A6F13 /* SIKit.app */,
				B4249B021C86D3F9006A6F13 /* SIKitTests.xctest */,
				B4249B0D1C86D3F9006A6F13 /* SIKitUITests.xctest */,
			);
			name = Products;
			sourceTree = "<group>";
		};
		B4249AEB1C86D3F9006A6F13 /* SIKit */ = {
			isa = PBXGroup;
			children = (
				B4249B1F1C86D416006A6F13 /* SIKit */,
				B4249AEF1C86D3F9006A6F13 /* AppDelegate.h */,
				B4249AF01C86D3F9006A6F13 /* AppDelegate.m */,
				B4249AF21C86D3F9006A6F13 /* ViewController.h */,
				B4249AF31C86D3F9006A6F13 /* ViewController.m */,
				B4249AF51C86D3F9006A6F13 /* Main.storyboard */,
				B4249AF81C86D3F9006A6F13 /* Assets.xcassets */,
				B4249AFA1C86D3F9006A6F13 /* LaunchScreen.storyboard */,
				B4249AFD1C86D3F9006A6F13 /* Info.plist */,
				B4249AEC1C86D3F9006A6F13 /* Supporting Files */,
			);
			path = SIKit;
			sourceTree = "<group>";
		};
		B4249AEC1C86D3F9006A6F13 /* Supporting Files */ = {
			isa = PBXGroup;
			children = (
				B4249AED1C86D3F9006A6F13 /* main.m */,
			);
			name = "Supporting Files";
			sourceTree = "<group>";
		};
		B4249B051C86D3F9006A6F13 /* SIKitTests */ = {
			isa = PBXGroup;
			children = (
				B4249B061C86D3F9006A6F13 /* SIKitTests.m */,
				B4249B081C86D3F9006A6F13 /* Info.plist */,
			);
			path = SIKitTests;
			sourceTree = "<group>";
		};
		B4249B101C86D3F9006A6F13 /* SIKitUITests */ = {
			isa = PBXGroup;
			children = (
				B4249B111C86D3F9006A6F13 /* SIKitUITests.m */,
				B4249B131C86D3F9006A6F13 /* Info.plist */,
			);
			path = SIKitUITests;
			sourceTree = "<group>";
		};
		B4249B1F1C86D416006A6F13 /* SIKit */ = {
			isa = PBXGroup;
			children = (
				B4BC4E7E1CEC5A13009FF87F /* Controllers */,
				B49849B21CE1882100A1E759 /* Cell */,
				B4C96A831CE9767A002BC4A0 /* Util */,
				B4249B201C86F6E8006A6F13 /* SIInput.h */,
				B4249B211C86F6E8006A6F13 /* SIInput.m */,
				B457007C1CE068F700837EEE /* SIFormThemeManager.h */,
				B457007D1CE068F700837EEE /* SIFormThemeManager.m */,
				B4D7C8701CE33320000E1792 /* SIInputDelegate.h */,
			);
			path = SIKit;
			sourceTree = "<group>";
		};
		B49849B21CE1882100A1E759 /* Cell */ = {
			isa = PBXGroup;
			children = (
				B4A6187C1E39D5F700B449F7 /* SIInputCell.h */,
				B4A6187D1E39D5F700B449F7 /* SIInputCell.m */,
				B4A6187E1E39D5F700B449F7 /* SIInputCell.xib */,
			);
			path = Cell;
			sourceTree = "<group>";
		};
		B4BC4E7E1CEC5A13009FF87F /* Controllers */ = {
			isa = PBXGroup;
			children = (
				B4BC4E7F1CEC5ACD009FF87F /* SIDateTimePickerController.h */,
				B4BC4E801CEC5ACD009FF87F /* SIDateTimePickerController.m */,
				B4BC4E821CEC5C2D009FF87F /* SIDateTimePickerControllerDelegate.h */,
				B4A3C37B1CEDBD660079BED4 /* SIListController.h */,
				B4A3C37C1CEDBD660079BED4 /* SIListController.m */,
				B40DFE171E38907500CC3BFD /* SIListController.xib */,
				B4A3C37E1CEDBD7F0079BED4 /* SIListControllerDelegate.h */,
			);
			path = Controllers;
			sourceTree = "<group>";
		};
		B4C96A831CE9767A002BC4A0 /* Util */ = {
			isa = PBXGroup;
			children = (
				B4C96A841CE976A5002BC4A0 /* Validator.h */,
				B4C96A851CE976A5002BC4A0 /* Validator.m */,
			);
			name = Util;
			path = SIKit/SIKit/Util;
			sourceTree = SOURCE_ROOT;
		};
/* End PBXGroup section */

/* Begin PBXNativeTarget section */
		B4249AE81C86D3F9006A6F13 /* SIKit */ = {
			isa = PBXNativeTarget;
			buildConfigurationList = B4249B161C86D3F9006A6F13 /* Build configuration list for PBXNativeTarget "SIKit" */;
			buildPhases = (
				B4249AE51C86D3F9006A6F13 /* Sources */,
				B4249AE61C86D3F9006A6F13 /* Frameworks */,
				B4249AE71C86D3F9006A6F13 /* Resources */,
			);
			buildRules = (
			);
			dependencies = (
			);
			name = SIKit;
			productName = SIKit;
			productReference = B4249AE91C86D3F9006A6F13 /* SIKit.app */;
			productType = "com.apple.product-type.application";
		};
		B4249B011C86D3F9006A6F13 /* SIKitTests */ = {
			isa = PBXNativeTarget;
			buildConfigurationList = B4249B191C86D3F9006A6F13 /* Build configuration list for PBXNativeTarget "SIKitTests" */;
			buildPhases = (
				B4249AFE1C86D3F9006A6F13 /* Sources */,
				B4249AFF1C86D3F9006A6F13 /* Frameworks */,
				B4249B001C86D3F9006A6F13 /* Resources */,
			);
			buildRules = (
			);
			dependencies = (
				B4249B041C86D3F9006A6F13 /* PBXTargetDependency */,
			);
			name = SIKitTests;
			productName = SIKitTests;
			productReference = B4249B021C86D3F9006A6F13 /* SIKitTests.xctest */;
			productType = "com.apple.product-type.bundle.unit-test";
		};
		B4249B0C1C86D3F9006A6F13 /* SIKitUITests */ = {
			isa = PBXNativeTarget;
			buildConfigurationList = B4249B1C1C86D3F9006A6F13 /* Build configuration list for PBXNativeTarget "SIKitUITests" */;
			buildPhases = (
				B4249B091C86D3F9006A6F13 /* Sources */,
				B4249B0A1C86D3F9006A6F13 /* Frameworks */,
				B4249B0B1C86D3F9006A6F13 /* Resources */,
			);
			buildRules = (
			);
			dependencies = (
				B4249B0F1C86D3F9006A6F13 /* PBXTargetDependency */,
			);
			name = SIKitUITests;
			productName = SIKitUITests;
			productReference = B4249B0D1C86D3F9006A6F13 /* SIKitUITests.xctest */;
			productType = "com.apple.product-type.bundle.ui-testing";
		};
/* End PBXNativeTarget section */

/* Begin PBXProject section */
		B4249AE11C86D3F9006A6F13 /* Project object */ = {
			isa = PBXProject;
			attributes = {
				LastUpgradeCheck = 0720;
				ORGANIZATIONNAME = Soteca;
				TargetAttributes = {
					B4249AE81C86D3F9006A6F13 = {
						CreatedOnToolsVersion = 7.2;
					};
					B4249B011C86D3F9006A6F13 = {
						CreatedOnToolsVersion = 7.2;
						TestTargetID = B4249AE81C86D3F9006A6F13;
					};
					B4249B0C1C86D3F9006A6F13 = {
						CreatedOnToolsVersion = 7.2;
						TestTargetID = B4249AE81C86D3F9006A6F13;
					};
				};
			};
			buildConfigurationList = B4249AE41C86D3F9006A6F13 /* Build configuration list for PBXProject "SIKit" */;
			compatibilityVersion = "Xcode 3.2";
			developmentRegion = English;
			hasScannedForEncodings = 0;
			knownRegions = (
				en,
				Base,
			);
			mainGroup = B4249AE01C86D3F9006A6F13;
			productRefGroup = B4249AEA1C86D3F9006A6F13 /* Products */;
			projectDirPath = "";
			projectRoot = "";
			targets = (
				B4249AE81C86D3F9006A6F13 /* SIKit */,
				B4249B011C86D3F9006A6F13 /* SIKitTests */,
				B4249B0C1C86D3F9006A6F13 /* SIKitUITests */,
			);
		};
/* End PBXProject section */

/* Begin PBXResourcesBuildPhase section */
		B4249AE71C86D3F9006A6F13 /* Resources */ = {
			isa = PBXResourcesBuildPhase;
			buildActionMask = 2147483647;
			files = (
				B4249AFC1C86D3F9006A6F13 /* LaunchScreen.storyboard in Resources */,
				B4249AF91C86D3F9006A6F13 /* Assets.xcassets in Resources */,
				B4249AF71C86D3F9006A6F13 /* Main.storyboard in Resources */,
				B40DFE181E38907500CC3BFD /* SIListController.xib in Resources */,
				B4A618801E39D5F700B449F7 /* SIInputCell.xib in Resources */,
			);
			runOnlyForDeploymentPostprocessing = 0;
		};
		B4249B001C86D3F9006A6F13 /* Resources */ = {
			isa = PBXResourcesBuildPhase;
			buildActionMask = 2147483647;
			files = (
			);
			runOnlyForDeploymentPostprocessing = 0;
		};
		B4249B0B1C86D3F9006A6F13 /* Resources */ = {
			isa = PBXResourcesBuildPhase;
			buildActionMask = 2147483647;
			files = (
			);
			runOnlyForDeploymentPostprocessing = 0;
		};
/* End PBXResourcesBuildPhase section */

/* Begin PBXSourcesBuildPhase section */
		B4249AE51C86D3F9006A6F13 /* Sources */ = {
			isa = PBXSourcesBuildPhase;
			buildActionMask = 2147483647;
			files = (
				B4A3C37D1CEDBD660079BED4 /* SIListController.m in Sources */,
				B4A6187F1E39D5F700B449F7 /* SIInputCell.m in Sources */,
				B4BC4E811CEC5ACE009FF87F /* SIDateTimePickerController.m in Sources */,
				B4249AF41C86D3F9006A6F13 /* ViewController.m in Sources */,
				B4249AF11C86D3F9006A6F13 /* AppDelegate.m in Sources */,
				B4C96A861CE976A5002BC4A0 /* Validator.m in Sources */,
				B4249B221C86F6E8006A6F13 /* SIInput.m in Sources */,
				B457007E1CE068F700837EEE /* SIFormThemeManager.m in Sources */,
				B4249AEE1C86D3F9006A6F13 /* main.m in Sources */,
			);
			runOnlyForDeploymentPostprocessing = 0;
		};
		B4249AFE1C86D3F9006A6F13 /* Sources */ = {
			isa = PBXSourcesBuildPhase;
			buildActionMask = 2147483647;
			files = (
				B4249B071C86D3F9006A6F13 /* SIKitTests.m in Sources */,
			);
			runOnlyForDeploymentPostprocessing = 0;
		};
		B4249B091C86D3F9006A6F13 /* Sources */ = {
			isa = PBXSourcesBuildPhase;
			buildActionMask = 2147483647;
			files = (
				B4249B121C86D3F9006A6F13 /* SIKitUITests.m in Sources */,
			);
			runOnlyForDeploymentPostprocessing = 0;
		};
/* End PBXSourcesBuildPhase section */

/* Begin PBXTargetDependency section */
		B4249B041C86D3F9006A6F13 /* PBXTargetDependency */ = {
			isa = PBXTargetDependency;
			target = B4249AE81C86D3F9006A6F13 /* SIKit */;
			targetProxy = B4249B031C86D3F9006A6F13 /* PBXContainerItemProxy */;
		};
		B4249B0F1C86D3F9006A6F13 /* PBXTargetDependency */ = {
			isa = PBXTargetDependency;
			target = B4249AE81C86D3F9006A6F13 /* SIKit */;
			targetProxy = B4249B0E1C86D3F9006A6F13 /* PBXContainerItemProxy */;
		};
/* End PBXTargetDependency section */

/* Begin PBXVariantGroup section */
		B4249AF51C86D3F9006A6F13 /* Main.storyboard */ = {
			isa = PBXVariantGroup;
			children = (
				B4249AF61C86D3F9006A6F13 /* Base */,
			);
			name = Main.storyboard;
			sourceTree = "<group>";
		};
		B4249AFA1C86D3F9006A6F13 /* LaunchScreen.storyboard */ = {
			isa = PBXVariantGroup;
			children = (
				B4249AFB1C86D3F9006A6F13 /* Base */,
			);
			name = LaunchScreen.storyboard;
			sourceTree = "<group>";
		};
/* End PBXVariantGroup section */

/* Begin XCBuildConfiguration section */
		B4249B141C86D3F9006A6F13 /* Debug */ = {
			isa = XCBuildConfiguration;
			buildSettings = {
				ALWAYS_SEARCH_USER_PATHS = NO;
				CLANG_CXX_LANGUAGE_STANDARD = "gnu++0x";
				CLANG_CXX_LIBRARY = "libc++";
				CLANG_ENABLE_MODULES = YES;
				CLANG_ENABLE_OBJC_ARC = YES;
				CLANG_WARN_BOOL_CONVERSION = YES;
				CLANG_WARN_CONSTANT_CONVERSION = YES;
				CLANG_WARN_DIRECT_OBJC_ISA_USAGE = YES_ERROR;
				CLANG_WARN_EMPTY_BODY = YES;
				CLANG_WARN_ENUM_CONVERSION = YES;
				CLANG_WARN_INT_CONVERSION = YES;
				CLANG_WARN_OBJC_ROOT_CLASS = YES_ERROR;
				CLANG_WARN_UNREACHABLE_CODE = YES;
				CLANG_WARN__DUPLICATE_METHOD_MATCH = YES;
				"CODE_SIGN_IDENTITY[sdk=iphoneos*]" = "iPhone Developer";
				COPY_PHASE_STRIP = NO;
				DEBUG_INFORMATION_FORMAT = dwarf;
				ENABLE_STRICT_OBJC_MSGSEND = YES;
				ENABLE_TESTABILITY = YES;
				GCC_C_LANGUAGE_STANDARD = gnu99;
				GCC_DYNAMIC_NO_PIC = NO;
				GCC_NO_COMMON_BLOCKS = YES;
				GCC_OPTIMIZATION_LEVEL = 0;
				GCC_PREPROCESSOR_DEFINITIONS = (
					"DEBUG=1",
					"$(inherited)",
				);
				GCC_WARN_64_TO_32_BIT_CONVERSION = YES;
				GCC_WARN_ABOUT_RETURN_TYPE = YES_ERROR;
				GCC_WARN_UNDECLARED_SELECTOR = YES;
				GCC_WARN_UNINITIALIZED_AUTOS = YES_AGGRESSIVE;
				GCC_WARN_UNUSED_FUNCTION = YES;
				GCC_WARN_UNUSED_VARIABLE = YES;
				IPHONEOS_DEPLOYMENT_TARGET = 9.2;
				MTL_ENABLE_DEBUG_INFO = YES;
				ONLY_ACTIVE_ARCH = YES;
				SDKROOT = iphoneos;
				TARGETED_DEVICE_FAMILY = "1,2";
			};
			name = Debug;
		};
		B4249B151C86D3F9006A6F13 /* Release */ = {
			isa = XCBuildConfiguration;
			buildSettings = {
				ALWAYS_SEARCH_USER_PATHS = NO;
				CLANG_CXX_LANGUAGE_STANDARD = "gnu++0x";
				CLANG_CXX_LIBRARY = "libc++";
				CLANG_ENABLE_MODULES = YES;
				CLANG_ENABLE_OBJC_ARC = YES;
				CLANG_WARN_BOOL_CONVERSION = YES;
				CLANG_WARN_CONSTANT_CONVERSION = YES;
				CLANG_WARN_DIRECT_OBJC_ISA_USAGE = YES_ERROR;
				CLANG_WARN_EMPTY_BODY = YES;
				CLANG_WARN_ENUM_CONVERSION = YES;
				CLANG_WARN_INT_CONVERSION = YES;
				CLANG_WARN_OBJC_ROOT_CLASS = YES_ERROR;
				CLANG_WARN_UNREACHABLE_CODE = YES;
				CLANG_WARN__DUPLICATE_METHOD_MATCH = YES;
				"CODE_SIGN_IDENTITY[sdk=iphoneos*]" = "iPhone Developer";
				COPY_PHASE_STRIP = NO;
				DEBUG_INFORMATION_FORMAT = "dwarf-with-dsym";
				ENABLE_NS_ASSERTIONS = NO;
				ENABLE_STRICT_OBJC_MSGSEND = YES;
				GCC_C_LANGUAGE_STANDARD = gnu99;
				GCC_NO_COMMON_BLOCKS = YES;
				GCC_WARN_64_TO_32_BIT_CONVERSION = YES;
				GCC_WARN_ABOUT_RETURN_TYPE = YES_ERROR;
				GCC_WARN_UNDECLARED_SELECTOR = YES;
				GCC_WARN_UNINITIALIZED_AUTOS = YES_AGGRESSIVE;
				GCC_WARN_UNUSED_FUNCTION = YES;
				GCC_WARN_UNUSED_VARIABLE = YES;
				IPHONEOS_DEPLOYMENT_TARGET = 9.2;
				MTL_ENABLE_DEBUG_INFO = NO;
				SDKROOT = iphoneos;
				TARGETED_DEVICE_FAMILY = "1,2";
				VALIDATE_PRODUCT = YES;
			};
			name = Release;
		};
		B4249B171C86D3F9006A6F13 /* Debug */ = {
			isa = XCBuildConfiguration;
			buildSettings = {
				ASSETCATALOG_COMPILER_APPICON_NAME = AppIcon;
				INFOPLIST_FILE = SIKit/Info.plist;
				LD_RUNPATH_SEARCH_PATHS = "$(inherited) @executable_path/Frameworks";
				PRODUCT_BUNDLE_IDENTIFIER = com.soteca.SIKit;
				PRODUCT_NAME = "$(TARGET_NAME)";
			};
			name = Debug;
		};
		B4249B181C86D3F9006A6F13 /* Release */ = {
			isa = XCBuildConfiguration;
			buildSettings = {
				ASSETCATALOG_COMPILER_APPICON_NAME = AppIcon;
				INFOPLIST_FILE = SIKit/Info.plist;
				LD_RUNPATH_SEARCH_PATHS = "$(inherited) @executable_path/Frameworks";
				PRODUCT_BUNDLE_IDENTIFIER = com.soteca.SIKit;
				PRODUCT_NAME = "$(TARGET_NAME)";
			};
			name = Release;
		};
		B4249B1A1C86D3F9006A6F13 /* Debug */ = {
			isa = XCBuildConfiguration;
			buildSettings = {
				BUNDLE_LOADER = "$(TEST_HOST)";
				INFOPLIST_FILE = SIKitTests/Info.plist;
				LD_RUNPATH_SEARCH_PATHS = "$(inherited) @executable_path/Frameworks @loader_path/Frameworks";
				PRODUCT_BUNDLE_IDENTIFIER = com.soteca.SIKitTests;
				PRODUCT_NAME = "$(TARGET_NAME)";
				TEST_HOST = "$(BUILT_PRODUCTS_DIR)/SIKit.app/SIKit";
			};
			name = Debug;
		};
		B4249B1B1C86D3F9006A6F13 /* Release */ = {
			isa = XCBuildConfiguration;
			buildSettings = {
				BUNDLE_LOADER = "$(TEST_HOST)";
				INFOPLIST_FILE = SIKitTests/Info.plist;
				LD_RUNPATH_SEARCH_PATHS = "$(inherited) @executable_path/Frameworks @loader_path/Frameworks";
				PRODUCT_BUNDLE_IDENTIFIER = com.soteca.SIKitTests;
				PRODUCT_NAME = "$(TARGET_NAME)";
				TEST_HOST = "$(BUILT_PRODUCTS_DIR)/SIKit.app/SIKit";
			};
			name = Release;
		};
		B4249B1D1C86D3F9006A6F13 /* Debug */ = {
			isa = XCBuildConfiguration;
			buildSettings = {
				INFOPLIST_FILE = SIKitUITests/Info.plist;
				LD_RUNPATH_SEARCH_PATHS = "$(inherited) @executable_path/Frameworks @loader_path/Frameworks";
				PRODUCT_BUNDLE_IDENTIFIER = com.soteca.SIKitUITests;
				PRODUCT_NAME = "$(TARGET_NAME)";
				TEST_TARGET_NAME = SIKit;
				USES_XCTRUNNER = YES;
			};
			name = Debug;
		};
		B4249B1E1C86D3F9006A6F13 /* Release */ = {
			isa = XCBuildConfiguration;
			buildSettings = {
				INFOPLIST_FILE = SIKitUITests/Info.plist;
				LD_RUNPATH_SEARCH_PATHS = "$(inherited) @executable_path/Frameworks @loader_path/Frameworks";
				PRODUCT_BUNDLE_IDENTIFIER = com.soteca.SIKitUITests;
				PRODUCT_NAME = "$(TARGET_NAME)";
				TEST_TARGET_NAME = SIKit;
				USES_XCTRUNNER = YES;
			};
			name = Release;
		};
/* End XCBuildConfiguration section */

/* Begin XCConfigurationList section */
		B4249AE41C86D3F9006A6F13 /* Build configuration list for PBXProject "SIKit" */ = {
			isa = XCConfigurationList;
			buildConfigurations = (
				B4249B141C86D3F9006A6F13 /* Debug */,
				B4249B151C86D3F9006A6F13 /* Release */,
			);
			defaultConfigurationIsVisible = 0;
			defaultConfigurationName = Release;
		};
		B4249B161C86D3F9006A6F13 /* Build configuration list for PBXNativeTarget "SIKit" */ = {
			isa = XCConfigurationList;
			buildConfigurations = (
				B4249B171C86D3F9006A6F13 /* Debug */,
				B4249B181C86D3F9006A6F13 /* Release */,
			);
			defaultConfigurationIsVisible = 0;
			defaultConfigurationName = Release;
		};
		B4249B191C86D3F9006A6F13 /* Build configuration list for PBXNativeTarget "SIKitTests" */ = {
			isa = XCConfigurationList;
			buildConfigurations = (
				B4249B1A1C86D3F9006A6F13 /* Debug */,
				B4249B1B1C86D3F9006A6F13 /* Release */,
			);
			defaultConfigurationIsVisible = 0;
			defaultConfigurationName = Release;
		};
		B4249B1C1C86D3F9006A6F13 /* Build configuration list for PBXNativeTarget "SIKitUITests" */ = {
			isa = XCConfigurationList;
			buildConfigurations = (
				B4249B1D1C86D3F9006A6F13 /* Debug */,
				B4249B1E1C86D3F9006A6F13 /* Release */,
			);
			defaultConfigurationIsVisible = 0;
			defaultConfigurationName = Release;
		};
/* End XCConfigurationList section */
	};
	rootObject = B4249AE11C86D3F9006A6F13 /* Project object */;
}
